
Microsoft Visual Studio Solution File, Format Version 12.00
# Visual Studio 15
VisualStudioVersion = 15.0.27004.2009
MinimumVisualStudioVersion = 10.0.40219.1
Project("{FAE04EC0-301F-11D3-BF4B-00C04F79EFBC}") = "TrainSystemApp", "TrainSystemApp\TrainSystemApp.csproj", "{7E3EB1C3-F6BC-43CD-8518-650AA7FD0FBC}"
EndProject
Global
	GlobalSection(SolutionConfigurationPlatforms) = preSolution
		Debug|Any CPU = Debug|Any CPU
		Release|Any CPU = Release|Any CPU
	EndGlobalSection
	GlobalSection(ProjectConfigurationPlatforms) = postSolution
		{7E3EB1C3-F6BC-43CD-8518-650AA7FD0FBC}.Debug|Any CPU.ActiveCfg = Debug|Any CPU
		{7E3EB1C3-F6BC-43CD-8518-650AA7FD0FBC}.Debug|Any CPU.Build.0 = Debug|Any CPU
		{7E3EB1C3-F6BC-43CD-8518-650AA7FD0FBC}.Release|Any CPU.ActiveCfg = Release|Any CPU
		{7E3EB1C3-F6BC-43CD-8518-650AA7FD0FBC}.Release|Any CPU.Build.0 = Release|Any CPU
	EndGlobalSection
	GlobalSection(SolutionProperties) = preSolution
		HideSolutionNode = FALSE
	EndGlobalSection
	GlobalSection(ExtensibilityGlobals) = postSolution
		SolutionGuid = {F51D213D-51B9-4F02-BF25-E87AE9B19C51}
	EndGlobalSection
EndGlobal
